
Microsoft Visual Studio Solution File, Format Version 12.00
# Visual Studio Version 17
VisualStudioVersion = 17.3.32804.467
MinimumVisualStudioVersion = 10.0.40219.1
Project("{FAE04EC0-301F-11D3-BF4B-00C04F79EFBC}") = "H5_MQTTNet.Console", "H5_MQTTNet.Console\H5_MQTTNet.Console.csproj", "{D990A930-0323-4CC0-938D-A48B97A6A048}"
EndProject
Global
	GlobalSection(SolutionConfigurationPlatforms) = preSolution
		Debug|Any CPU = Debug|Any CPU
		Release|Any CPU = Release|Any CPU
	EndGlobalSection
	GlobalSection(ProjectConfigurationPlatforms) = postSolution
		{D990A930-0323-4CC0-938D-A48B97A6A048}.Debug|Any CPU.ActiveCfg = Debug|Any CPU
		{D990A930-0323-4CC0-938D-A48B97A6A048}.Debug|Any CPU.Build.0 = Debug|Any CPU
		{D990A930-0323-4CC0-938D-A48B97A6A048}.Release|Any CPU.ActiveCfg = Release|Any CPU
		{D990A930-0323-4CC0-938D-A48B97A6A048}.Release|Any CPU.Build.0 = Release|Any CPU
	EndGlobalSection
	GlobalSection(SolutionProperties) = preSolution
		HideSolutionNode = FALSE
	EndGlobalSection
	GlobalSection(ExtensibilityGlobals) = postSolution
		SolutionGuid = {D595E0C6-1857-4BA8-B24C-395E7FF1588E}
	EndGlobalSection
EndGlobal
